
Microsoft Visual Studio Solution File, Format Version 12.00
# Visual Studio 14
VisualStudioVersion = 14.0.25123.0
MinimumVisualStudioVersion = 10.0.40219.1
Project("{FAE04EC0-301F-11D3-BF4B-00C04F79EFBC}") = "Lab", "Lab\Lab.csproj", "{B33A4DFC-7FDF-4063-A71F-752F73834086}"
EndProject
Project("{2150E333-8FDC-42A3-9474-1A3956D46DE8}") = "DeepStarController", "DeepStarController", "{11F1E5C9-678E-4328-850E-D98CF503F7C3}"
	ProjectSection(SolutionItems) = preProject
		DeepstarController\DeepstarController.ino = DeepstarController\DeepstarController.ino
	EndProjectSection
EndProject
Project("{FAE04EC0-301F-11D3-BF4B-00C04F79EFBC}") = "Stargazer", "Stargazer\Stargazer.csproj", "{1273D64E-A871-4B49-A8C5-C901A24B7B78}"
EndProject
Global
	GlobalSection(SolutionConfigurationPlatforms) = preSolution
		Debug|Any CPU = Debug|Any CPU
		Debug|ARM = Debug|ARM
		Debug|x64 = Debug|x64
		Debug|x86 = Debug|x86
		Release|Any CPU = Release|Any CPU
		Release|ARM = Release|ARM
		Release|x64 = Release|x64
		Release|x86 = Release|x86
	EndGlobalSection
	GlobalSection(ProjectConfigurationPlatforms) = postSolution
		{B33A4DFC-7FDF-4063-A71F-752F73834086}.Debug|Any CPU.ActiveCfg = Debug|x86
		{B33A4DFC-7FDF-4063-A71F-752F73834086}.Debug|ARM.ActiveCfg = Debug|ARM
		{B33A4DFC-7FDF-4063-A71F-752F73834086}.Debug|ARM.Build.0 = Debug|ARM
		{B33A4DFC-7FDF-4063-A71F-752F73834086}.Debug|ARM.Deploy.0 = Debug|ARM
		{B33A4DFC-7FDF-4063-A71F-752F73834086}.Debug|x64.ActiveCfg = Debug|x64
		{B33A4DFC-7FDF-4063-A71F-752F73834086}.Debug|x64.Build.0 = Debug|x64
		{B33A4DFC-7FDF-4063-A71F-752F73834086}.Debug|x64.Deploy.0 = Debug|x64
		{B33A4DFC-7FDF-4063-A71F-752F73834086}.Debug|x86.ActiveCfg = Debug|x86
		{B33A4DFC-7FDF-4063-A71F-752F73834086}.Debug|x86.Build.0 = Debug|x86
		{B33A4DFC-7FDF-4063-A71F-752F73834086}.Debug|x86.Deploy.0 = Debug|x86
		{B33A4DFC-7FDF-4063-A71F-752F73834086}.Release|Any CPU.ActiveCfg = Release|x86
		{B33A4DFC-7FDF-4063-A71F-752F73834086}.Release|ARM.ActiveCfg = Release|ARM
		{B33A4DFC-7FDF-4063-A71F-752F73834086}.Release|ARM.Build.0 = Release|ARM
		{B33A4DFC-7FDF-4063-A71F-752F73834086}.Release|ARM.Deploy.0 = Release|ARM
		{B33A4DFC-7FDF-4063-A71F-752F73834086}.Release|x64.ActiveCfg = Release|x64
		{B33A4DFC-7FDF-4063-A71F-752F73834086}.Release|x64.Build.0 = Release|x64
		{B33A4DFC-7FDF-4063-A71F-752F73834086}.Release|x64.Deploy.0 = Release|x64
		{B33A4DFC-7FDF-4063-A71F-752F73834086}.Release|x86.ActiveCfg = Release|x86
		{B33A4DFC-7FDF-4063-A71F-752F73834086}.Release|x86.Build.0 = Release|x86
		{B33A4DFC-7FDF-4063-A71F-752F73834086}.Release|x86.Deploy.0 = Release|x86
		{1273D64E-A871-4B49-A8C5-C901A24B7B78}.Debug|Any CPU.ActiveCfg = Debug|x86
		{1273D64E-A871-4B49-A8C5-C901A24B7B78}.Debug|ARM.ActiveCfg = Debug|ARM
		{1273D64E-A871-4B49-A8C5-C901A24B7B78}.Debug|ARM.Build.0 = Debug|ARM
		{1273D64E-A871-4B49-A8C5-C901A24B7B78}.Debug|ARM.Deploy.0 = Debug|ARM
		{1273D64E-A871-4B49-A8C5-C901A24B7B78}.Debug|x64.ActiveCfg = Debug|x64
		{1273D64E-A871-4B49-A8C5-C901A24B7B78}.Debug|x64.Build.0 = Debug|x64
		{1273D64E-A871-4B49-A8C5-C901A24B7B78}.Debug|x64.Deploy.0 = Debug|x64
		{1273D64E-A871-4B49-A8C5-C901A24B7B78}.Debug|x86.ActiveCfg = Debug|x86
		{1273D64E-A871-4B49-A8C5-C901A24B7B78}.Debug|x86.Build.0 = Debug|x86
		{1273D64E-A871-4B49-A8C5-C901A24B7B78}.Debug|x86.Deploy.0 = Debug|x86
		{1273D64E-A871-4B49-A8C5-C901A24B7B78}.Release|Any CPU.ActiveCfg = Release|x86
		{1273D64E-A871-4B49-A8C5-C901A24B7B78}.Release|ARM.ActiveCfg = Release|ARM
		{1273D64E-A871-4B49-A8C5-C901A24B7B78}.Release|ARM.Build.0 = Release|ARM
		{1273D64E-A871-4B49-A8C5-C901A24B7B78}.Release|ARM.Deploy.0 = Release|ARM
		{1273D64E-A871-4B49-A8C5-C901A24B7B78}.Release|x64.ActiveCfg = Release|x64
		{1273D64E-A871-4B49-A8C5-C901A24B7B78}.Release|x64.Build.0 = Release|x64
		{1273D64E-A871-4B49-A8C5-C901A24B7B78}.Release|x64.Deploy.0 = Release|x64
		{1273D64E-A871-4B49-A8C5-C901A24B7B78}.Release|x86.ActiveCfg = Release|x86
		{1273D64E-A871-4B49-A8C5-C901A24B7B78}.Release|x86.Build.0 = Release|x86
		{1273D64E-A871-4B49-A8C5-C901A24B7B78}.Release|x86.Deploy.0 = Release|x86
	EndGlobalSection
	GlobalSection(SolutionProperties) = preSolution
		HideSolutionNode = FALSE
	EndGlobalSection
EndGlobal
